
Microsoft Visual Studio Solution File, Format Version 12.00
# Visual Studio Version 16
VisualStudioVersion = 16.0.31829.152
MinimumVisualStudioVersion = 10.0.40219.1
Project("{FAE04EC0-301F-11D3-BF4B-00C04F79EFBC}") = "WebShopUppg", "WebShopUppg\WebShopUppg.csproj", "{A8EBEA99-96B8-41E3-B1E1-6FD44DBEA837}"
EndProject
Project("{FAE04EC0-301F-11D3-BF4B-00C04F79EFBC}") = "DataSource", "DataSource\DataSource.csproj", "{215A2874-F6DB-449D-A458-C65E2BEA019F}"
EndProject
Project("{FAE04EC0-301F-11D3-BF4B-00C04F79EFBC}") = "DTOs", "DTOs\DTOs.csproj", "{A8C234DB-2BC0-491F-B897-E84B09007205}"
EndProject
Global
	GlobalSection(SolutionConfigurationPlatforms) = preSolution
		Debug|Any CPU = Debug|Any CPU
		Release|Any CPU = Release|Any CPU
	EndGlobalSection
	GlobalSection(ProjectConfigurationPlatforms) = postSolution
		{A8EBEA99-96B8-41E3-B1E1-6FD44DBEA837}.Debug|Any CPU.ActiveCfg = Debug|Any CPU
		{A8EBEA99-96B8-41E3-B1E1-6FD44DBEA837}.Debug|Any CPU.Build.0 = Debug|Any CPU
		{A8EBEA99-96B8-41E3-B1E1-6FD44DBEA837}.Release|Any CPU.ActiveCfg = Release|Any CPU
		{A8EBEA99-96B8-41E3-B1E1-6FD44DBEA837}.Release|Any CPU.Build.0 = Release|Any CPU
		{215A2874-F6DB-449D-A458-C65E2BEA019F}.Debug|Any CPU.ActiveCfg = Debug|Any CPU
		{215A2874-F6DB-449D-A458-C65E2BEA019F}.Debug|Any CPU.Build.0 = Debug|Any CPU
		{215A2874-F6DB-449D-A458-C65E2BEA019F}.Release|Any CPU.ActiveCfg = Release|Any CPU
		{215A2874-F6DB-449D-A458-C65E2BEA019F}.Release|Any CPU.Build.0 = Release|Any CPU
		{A8C234DB-2BC0-491F-B897-E84B09007205}.Debug|Any CPU.ActiveCfg = Debug|Any CPU
		{A8C234DB-2BC0-491F-B897-E84B09007205}.Debug|Any CPU.Build.0 = Debug|Any CPU
		{A8C234DB-2BC0-491F-B897-E84B09007205}.Release|Any CPU.ActiveCfg = Release|Any CPU
		{A8C234DB-2BC0-491F-B897-E84B09007205}.Release|Any CPU.Build.0 = Release|Any CPU
	EndGlobalSection
	GlobalSection(SolutionProperties) = preSolution
		HideSolutionNode = FALSE
	EndGlobalSection
	GlobalSection(ExtensibilityGlobals) = postSolution
		SolutionGuid = {445BEE12-FFE8-4D8B-BA9F-ABFF23A20B0B}
	EndGlobalSection
EndGlobal
